
Microsoft Visual Studio Solution File, Format Version 12.00
# Visual Studio 14
VisualStudioVersion = 14.0.25420.1
MinimumVisualStudioVersion = 10.0.40219.1
Project("{FAE04EC0-301F-11D3-BF4B-00C04F79EFBC}") = "DCMLIB", "DCMLIB\DCMLIB.csproj", "{80B8C166-C62E-4CFB-8B85-9C0C1D216EEB}"
EndProject
Project("{FAE04EC0-301F-11D3-BF4B-00C04F79EFBC}") = "DicomParser", "DicomParser\DicomParser.csproj", "{8ECE92C1-1412-474F-87F3-4A2B66A9D523}"
EndProject
Global
	GlobalSection(SolutionConfigurationPlatforms) = preSolution
		Debug|Any CPU = Debug|Any CPU
		Release|Any CPU = Release|Any CPU
	EndGlobalSection
	GlobalSection(ProjectConfigurationPlatforms) = postSolution
		{80B8C166-C62E-4CFB-8B85-9C0C1D216EEB}.Debug|Any CPU.ActiveCfg = Debug|Any CPU
		{80B8C166-C62E-4CFB-8B85-9C0C1D216EEB}.Debug|Any CPU.Build.0 = Debug|Any CPU
		{80B8C166-C62E-4CFB-8B85-9C0C1D216EEB}.Release|Any CPU.ActiveCfg = Release|Any CPU
		{80B8C166-C62E-4CFB-8B85-9C0C1D216EEB}.Release|Any CPU.Build.0 = Release|Any CPU
		{8ECE92C1-1412-474F-87F3-4A2B66A9D523}.Debug|Any CPU.ActiveCfg = Debug|Any CPU
		{8ECE92C1-1412-474F-87F3-4A2B66A9D523}.Debug|Any CPU.Build.0 = Debug|Any CPU
		{8ECE92C1-1412-474F-87F3-4A2B66A9D523}.Release|Any CPU.ActiveCfg = Release|Any CPU
		{8ECE92C1-1412-474F-87F3-4A2B66A9D523}.Release|Any CPU.Build.0 = Release|Any CPU
	EndGlobalSection
	GlobalSection(SolutionProperties) = preSolution
		HideSolutionNode = FALSE
	EndGlobalSection
EndGlobal
